
Microsoft Visual Studio Solution File, Format Version 11.00
# Visual Studio 10
Project("{FAE04EC0-301F-11D3-BF4B-00C04F79EFBC}") = "Apollo.ProjectExplorer", "ProjectExplorer\Apollo.ProjectExplorer.csproj", "{60F9649B-6C4B-43D4-AE8C-D68F04E2C3DF}"
EndProject
Project("{FAE04EC0-301F-11D3-BF4B-00C04F79EFBC}") = "ProjectExplorer.Test.Integration", "ProjectExplorer.Test.Integration\ProjectExplorer.Test.Integration.csproj", "{388FD4EC-46AF-44C8-98A7-0761837FF922}"
EndProject
Global
	GlobalSection(SolutionConfigurationPlatforms) = preSolution
		Debug|x86 = Debug|x86
		Release|x86 = Release|x86
	EndGlobalSection
	GlobalSection(ProjectConfigurationPlatforms) = postSolution
		{60F9649B-6C4B-43D4-AE8C-D68F04E2C3DF}.Debug|x86.ActiveCfg = Debug|x86
		{60F9649B-6C4B-43D4-AE8C-D68F04E2C3DF}.Debug|x86.Build.0 = Debug|x86
		{60F9649B-6C4B-43D4-AE8C-D68F04E2C3DF}.Release|x86.ActiveCfg = Release|x86
		{60F9649B-6C4B-43D4-AE8C-D68F04E2C3DF}.Release|x86.Build.0 = Release|x86
		{388FD4EC-46AF-44C8-98A7-0761837FF922}.Debug|x86.ActiveCfg = Debug|x86
		{388FD4EC-46AF-44C8-98A7-0761837FF922}.Debug|x86.Build.0 = Debug|x86
		{388FD4EC-46AF-44C8-98A7-0761837FF922}.Release|x86.ActiveCfg = Release|x86
		{388FD4EC-46AF-44C8-98A7-0761837FF922}.Release|x86.Build.0 = Release|x86
	EndGlobalSection
	GlobalSection(SolutionProperties) = preSolution
		HideSolutionNode = FALSE
	EndGlobalSection
EndGlobal
