
Microsoft Visual Studio Solution File, Format Version 10.00
# Visual C# Express 2008
Project("{FAE04EC0-301F-11D3-BF4B-00C04F79EFBC}") = "Apollo.ProjectExplorer", "projectexplorer\Apollo.ProjectExplorer.csproj", "{1008D354-3B77-43B2-9AF0-E5C12D7EEEC7}"
EndProject
Project("{FAE04EC0-301F-11D3-BF4B-00C04F79EFBC}") = "Apollo.ProjectExplorer.Test.Spec", "projectexplorer.test.spec\Apollo.ProjectExplorer.Test.Spec.csproj", "{21C09B19-55EB-469A-A8B7-FFA047473AD5}"
EndProject
Global
	GlobalSection(SolutionConfigurationPlatforms) = preSolution
		Debug|Any CPU = Debug|Any CPU
		Release|Any CPU = Release|Any CPU
	EndGlobalSection
	GlobalSection(ProjectConfigurationPlatforms) = postSolution
		{1008D354-3B77-43B2-9AF0-E5C12D7EEEC7}.Debug|Any CPU.ActiveCfg = Debug|Any CPU
		{1008D354-3B77-43B2-9AF0-E5C12D7EEEC7}.Debug|Any CPU.Build.0 = Debug|Any CPU
		{1008D354-3B77-43B2-9AF0-E5C12D7EEEC7}.Release|Any CPU.ActiveCfg = Release|Any CPU
		{1008D354-3B77-43B2-9AF0-E5C12D7EEEC7}.Release|Any CPU.Build.0 = Release|Any CPU
		{21C09B19-55EB-469A-A8B7-FFA047473AD5}.Debug|Any CPU.ActiveCfg = Debug|Any CPU
		{21C09B19-55EB-469A-A8B7-FFA047473AD5}.Debug|Any CPU.Build.0 = Debug|Any CPU
		{21C09B19-55EB-469A-A8B7-FFA047473AD5}.Release|Any CPU.ActiveCfg = Release|Any CPU
		{21C09B19-55EB-469A-A8B7-FFA047473AD5}.Release|Any CPU.Build.0 = Release|Any CPU
	EndGlobalSection
	GlobalSection(SolutionProperties) = preSolution
		HideSolutionNode = FALSE
	EndGlobalSection
EndGlobal
