
Microsoft Visual Studio Solution File, Format Version 12.00
# Visual Studio 2012
Project("{FAE04EC0-301F-11D3-BF4B-00C04F79EFBC}") = "SolutionLevel", "solutionlevel\SolutionLevel.csproj", "{B0B1C32A-53FC-4B7E-BA60-6DAFB8180A42}"
EndProject
Project("{FAE04EC0-301F-11D3-BF4B-00C04F79EFBC}") = "Test.Regression.UI.Explorer", "test.regression.ui.explorer\Test.Regression.UI.Explorer.csproj", "{042E28AB-A8A8-4829-A8D2-4AF00293DDE1}"
EndProject
Global
	GlobalSection(SolutionConfigurationPlatforms) = preSolution
		Debug|x64 = Debug|x64
		Debug|x86 = Debug|x86
		Deploy|x64 = Deploy|x64
		Deploy|x86 = Deploy|x86
		Release|x64 = Release|x64
		Release|x86 = Release|x86
	EndGlobalSection
	GlobalSection(ProjectConfigurationPlatforms) = postSolution
		{B0B1C32A-53FC-4B7E-BA60-6DAFB8180A42}.Debug|x64.ActiveCfg = Debug|x64
		{B0B1C32A-53FC-4B7E-BA60-6DAFB8180A42}.Debug|x64.Build.0 = Debug|x64
		{B0B1C32A-53FC-4B7E-BA60-6DAFB8180A42}.Debug|x86.ActiveCfg = Debug|x86
		{B0B1C32A-53FC-4B7E-BA60-6DAFB8180A42}.Debug|x86.Build.0 = Debug|x86
		{B0B1C32A-53FC-4B7E-BA60-6DAFB8180A42}.Deploy|x64.ActiveCfg = Deploy|x64
		{B0B1C32A-53FC-4B7E-BA60-6DAFB8180A42}.Deploy|x64.Build.0 = Deploy|x64
		{B0B1C32A-53FC-4B7E-BA60-6DAFB8180A42}.Deploy|x86.ActiveCfg = Deploy|x86
		{B0B1C32A-53FC-4B7E-BA60-6DAFB8180A42}.Deploy|x86.Build.0 = Deploy|x86
		{B0B1C32A-53FC-4B7E-BA60-6DAFB8180A42}.Release|x64.ActiveCfg = Release|x64
		{B0B1C32A-53FC-4B7E-BA60-6DAFB8180A42}.Release|x64.Build.0 = Release|x64
		{B0B1C32A-53FC-4B7E-BA60-6DAFB8180A42}.Release|x86.ActiveCfg = Release|x86
		{B0B1C32A-53FC-4B7E-BA60-6DAFB8180A42}.Release|x86.Build.0 = Release|x86
		{042E28AB-A8A8-4829-A8D2-4AF00293DDE1}.Debug|x64.ActiveCfg = Debug|x64
		{042E28AB-A8A8-4829-A8D2-4AF00293DDE1}.Debug|x64.Build.0 = Debug|x64
		{042E28AB-A8A8-4829-A8D2-4AF00293DDE1}.Debug|x86.ActiveCfg = Debug|x86
		{042E28AB-A8A8-4829-A8D2-4AF00293DDE1}.Debug|x86.Build.0 = Debug|x86
		{042E28AB-A8A8-4829-A8D2-4AF00293DDE1}.Deploy|x64.ActiveCfg = Deploy|x64
		{042E28AB-A8A8-4829-A8D2-4AF00293DDE1}.Deploy|x64.Build.0 = Deploy|x64
		{042E28AB-A8A8-4829-A8D2-4AF00293DDE1}.Deploy|x86.ActiveCfg = Deploy|x86
		{042E28AB-A8A8-4829-A8D2-4AF00293DDE1}.Deploy|x86.Build.0 = Deploy|x86
		{042E28AB-A8A8-4829-A8D2-4AF00293DDE1}.Release|x64.ActiveCfg = Release|x64
		{042E28AB-A8A8-4829-A8D2-4AF00293DDE1}.Release|x64.Build.0 = Release|x64
		{042E28AB-A8A8-4829-A8D2-4AF00293DDE1}.Release|x86.ActiveCfg = Release|x86
		{042E28AB-A8A8-4829-A8D2-4AF00293DDE1}.Release|x86.Build.0 = Release|x86
	EndGlobalSection
	GlobalSection(SolutionProperties) = preSolution
		HideSolutionNode = FALSE
	EndGlobalSection
EndGlobal
