
Microsoft Visual Studio Solution File, Format Version 11.00
# Visual Studio 10
Project("{FAE04EC0-301F-11D3-BF4B-00C04F79EFBC}") = "Apollo.Core", "core\Apollo.Core.csproj", "{BEFCB7FA-8CDF-44D5-BC36-B4C6A03D9DDD}"
EndProject
Project("{FAE04EC0-301F-11D3-BF4B-00C04F79EFBC}") = "Apollo.Core.Test.Unit", "core.test.unit\Apollo.Core.Test.Unit.csproj", "{29E1985A-7DF2-4400-AA03-544722E11848}"
EndProject
Project("{FAE04EC0-301F-11D3-BF4B-00C04F79EFBC}") = "Apollo.Core.Test.Perf", "core.test.perf\Apollo.Core.Test.Perf.csproj", "{85CA9D10-DD8C-4019-A078-DDC37ED60D54}"
EndProject
Project("{FAE04EC0-301F-11D3-BF4B-00C04F79EFBC}") = "Apollo.Core.Test.Integration", "core.test.integration\Apollo.Core.Test.Integration.csproj", "{84AE7167-B8F9-465A-9348-C3C0AC76FD32}"
EndProject
Project("{2150E333-8FDC-42A3-9474-1A3956D46DE8}") = "Externals", "Externals", "{584419C3-1439-45E7-BBE4-173A0F5E27DC}"
EndProject
Project("{FAE04EC0-301F-11D3-BF4B-00C04F79EFBC}") = "Apollo.Utils", "..\..\utils\src\utils\Apollo.Utils.csproj", "{81F4563D-EAAC-4C2B-96A6-A79C9EA692CF}"
EndProject
Project("{930C7802-8A8C-48F9-8165-68863BCCD9DD}") = "Apollo.Core.Install", "..\install\Apollo.Core.Install.wixproj", "{997CFFD3-BFC6-4887-AFF3-E4836B2AC471}"
EndProject
Global
	GlobalSection(SolutionConfigurationPlatforms) = preSolution
		Debug|x86 = Debug|x86
		Release|x86 = Release|x86
	EndGlobalSection
	GlobalSection(ProjectConfigurationPlatforms) = postSolution
		{BEFCB7FA-8CDF-44D5-BC36-B4C6A03D9DDD}.Debug|x86.ActiveCfg = Debug|x86
		{BEFCB7FA-8CDF-44D5-BC36-B4C6A03D9DDD}.Debug|x86.Build.0 = Debug|x86
		{BEFCB7FA-8CDF-44D5-BC36-B4C6A03D9DDD}.Release|x86.ActiveCfg = Release|x86
		{BEFCB7FA-8CDF-44D5-BC36-B4C6A03D9DDD}.Release|x86.Build.0 = Release|x86
		{29E1985A-7DF2-4400-AA03-544722E11848}.Debug|x86.ActiveCfg = Debug|x86
		{29E1985A-7DF2-4400-AA03-544722E11848}.Debug|x86.Build.0 = Debug|x86
		{29E1985A-7DF2-4400-AA03-544722E11848}.Release|x86.ActiveCfg = Release|x86
		{29E1985A-7DF2-4400-AA03-544722E11848}.Release|x86.Build.0 = Release|x86
		{85CA9D10-DD8C-4019-A078-DDC37ED60D54}.Debug|x86.ActiveCfg = Debug|x86
		{85CA9D10-DD8C-4019-A078-DDC37ED60D54}.Debug|x86.Build.0 = Debug|x86
		{85CA9D10-DD8C-4019-A078-DDC37ED60D54}.Release|x86.ActiveCfg = Release|x86
		{85CA9D10-DD8C-4019-A078-DDC37ED60D54}.Release|x86.Build.0 = Release|x86
		{84AE7167-B8F9-465A-9348-C3C0AC76FD32}.Debug|x86.ActiveCfg = Debug|x86
		{84AE7167-B8F9-465A-9348-C3C0AC76FD32}.Debug|x86.Build.0 = Debug|x86
		{84AE7167-B8F9-465A-9348-C3C0AC76FD32}.Release|x86.ActiveCfg = Release|x86
		{84AE7167-B8F9-465A-9348-C3C0AC76FD32}.Release|x86.Build.0 = Release|x86
		{81F4563D-EAAC-4C2B-96A6-A79C9EA692CF}.Debug|x86.ActiveCfg = Debug|x86
		{81F4563D-EAAC-4C2B-96A6-A79C9EA692CF}.Debug|x86.Build.0 = Debug|x86
		{81F4563D-EAAC-4C2B-96A6-A79C9EA692CF}.Release|x86.ActiveCfg = Release|x86
		{81F4563D-EAAC-4C2B-96A6-A79C9EA692CF}.Release|x86.Build.0 = Release|x86
		{997CFFD3-BFC6-4887-AFF3-E4836B2AC471}.Debug|x86.ActiveCfg = Debug|x86
		{997CFFD3-BFC6-4887-AFF3-E4836B2AC471}.Debug|x86.Build.0 = Debug|x86
		{997CFFD3-BFC6-4887-AFF3-E4836B2AC471}.Release|x86.ActiveCfg = Release|x86
		{997CFFD3-BFC6-4887-AFF3-E4836B2AC471}.Release|x86.Build.0 = Release|x86
	EndGlobalSection
	GlobalSection(SolutionProperties) = preSolution
		HideSolutionNode = FALSE
	EndGlobalSection
	GlobalSection(NestedProjects) = preSolution
		{81F4563D-EAAC-4C2B-96A6-A79C9EA692CF} = {584419C3-1439-45E7-BBE4-173A0F5E27DC}
		{997CFFD3-BFC6-4887-AFF3-E4836B2AC471} = {584419C3-1439-45E7-BBE4-173A0F5E27DC}
	EndGlobalSection
EndGlobal
