
Microsoft Visual Studio Solution File, Format Version 12.00
# Visual Studio 2012
Project("{FAE04EC0-301F-11D3-BF4B-00C04F79EFBC}") = "Apollo.Core.Host", "core.host\Apollo.Core.Host.csproj", "{BEFCB7FA-8CDF-44D5-BC36-B4C6A03D9DDD}"
EndProject
Project("{FAE04EC0-301F-11D3-BF4B-00C04F79EFBC}") = "Apollo.Core.Base", "core.base\Apollo.Core.Base.csproj", "{5125E82C-2E8A-4CE4-8FA8-39AB82C9B856}"
EndProject
Project("{FAE04EC0-301F-11D3-BF4B-00C04F79EFBC}") = "Apollo.Core.Dataset", "core.dataset\Apollo.Core.Dataset.csproj", "{8ACA6AAA-889D-4358-AB8E-BEE23015D66F}"
EndProject
Project("{FAE04EC0-301F-11D3-BF4B-00C04F79EFBC}") = "Apollo.Utilities", "utilities\Apollo.Utilities.csproj", "{81F4563D-EAAC-4C2B-96A6-A79C9EA692CF}"
EndProject
Project("{FAE04EC0-301F-11D3-BF4B-00C04F79EFBC}") = "Apollo.UI.Explorer", "ui.explorer\Apollo.UI.Explorer.csproj", "{60F9649B-6C4B-43D4-AE8C-D68F04E2C3DF}"
EndProject
Project("{FAE04EC0-301F-11D3-BF4B-00C04F79EFBC}") = "Apollo.UI.Wpf", "ui.wpf\Apollo.UI.Wpf.csproj", "{ACD26D23-36BA-4035-84CA-6E462A03B033}"
EndProject
Project("{FAE04EC0-301F-11D3-BF4B-00C04F79EFBC}") = "Test.Unit.Core.Dataset", "test.unit.core.dataset\Test.Unit.Core.Dataset.csproj", "{7CCDFF95-66CF-4347-AF7A-7197805757F4}"
EndProject
Project("{FAE04EC0-301F-11D3-BF4B-00C04F79EFBC}") = "Test.Unit.Core.Base", "test.unit.core.base\Test.Unit.Core.Base.csproj", "{8E03F1B6-AA16-4D87-B6B4-91797555EE56}"
EndProject
Project("{FAE04EC0-301F-11D3-BF4B-00C04F79EFBC}") = "Test.Unit.Core.Host", "test.unit.core.host\Test.Unit.Core.Host.csproj", "{BC56ED6A-6780-4162-9B68-4B2D8013ECDC}"
EndProject
Project("{FAE04EC0-301F-11D3-BF4B-00C04F79EFBC}") = "Test.Unit.UI.Wpf", "test.unit.ui.wpf\Test.Unit.UI.Wpf.csproj", "{C68BDDDD-3A37-453B-88B0-9A824683912C}"
EndProject
Project("{FAE04EC0-301F-11D3-BF4B-00C04F79EFBC}") = "Test.Unit.Utilities", "test.unit.utilities\Test.Unit.Utilities.csproj", "{F5A27990-A97F-4497-9733-BA524D56BF0F}"
EndProject
Project("{2150E333-8FDC-42A3-9474-1A3956D46DE8}") = "Solution Items", "Solution Items", "{FA065AF0-8827-4E09-ABAA-812E5E9AA363}"
	ProjectSection(SolutionItems) = preProject
		..\templates\AssemblyInfo.BuildInformation.cs.in = ..\templates\AssemblyInfo.BuildInformation.cs.in
		..\templates\AssemblyInfo.InternalsVisibleTo.cs.in = ..\templates\AssemblyInfo.InternalsVisibleTo.cs.in
		..\templates\AssemblyInfo.VersionNumber.cs.in = ..\templates\AssemblyInfo.VersionNumber.cs.in
		..\nuget.config = ..\nuget.config
		..\packages.config = ..\packages.config
		..\version.xml = ..\version.xml
	EndProjectSection
EndProject
Project("{FAE04EC0-301F-11D3-BF4B-00C04F79EFBC}") = "Apollo.Core.Extensions", "core.extensions\Apollo.Core.Extensions.csproj", "{EE14FAFE-8E78-11E1-B5D3-6DF7BBE59B18}"
EndProject
Project("{FAE04EC0-301F-11D3-BF4B-00C04F79EFBC}") = "Test.Unit.Core.Extensions", "test.unit.core.extensions\Test.Unit.Core.Extensions.csproj", "{EE853190-50AB-4BB0-ADE7-EAA6A53BB495}"
EndProject
Project("{FAE04EC0-301F-11D3-BF4B-00C04F79EFBC}") = "SolutionLevel", "solutionlevel\SolutionLevel.csproj", "{B0B1C32A-53FC-4B7E-BA60-6DAFB8180A42}"
EndProject
Project("{FAE04EC0-301F-11D3-BF4B-00C04F79EFBC}") = "Apollo.UI.Console", "ui.console\Apollo.UI.Console.csproj", "{BE673894-4B95-4F22-8E9A-9F1D7C20CF84}"
EndProject
Project("{FAE04EC0-301F-11D3-BF4B-00C04F79EFBC}") = "Apollo.Core.Scripting", "core.scripting\Apollo.Core.Scripting.csproj", "{626DB086-D3E7-47A6-92B5-2AFC58E8E18E}"
EndProject
Project("{2150E333-8FDC-42A3-9474-1A3956D46DE8}") = ".nuget", ".nuget", "{583E31A6-EEBE-4266-90C4-EC5D6078BCDA}"
	ProjectSection(SolutionItems) = preProject
		.nuget\NuGet.Config = .nuget\NuGet.Config
		.nuget\NuGet.exe = .nuget\NuGet.exe
		.nuget\NuGet.targets = .nuget\NuGet.targets
		.nuget\packages.config = .nuget\packages.config
	EndProjectSection
EndProject
Project("{FAE04EC0-301F-11D3-BF4B-00C04F79EFBC}") = "Test.Regression.Console", "test.regression.console\Test.Regression.Console.csproj", "{7E6E6B94-F0E1-4202-81D7-BB3D76E0F984}"
EndProject
Project("{FAE04EC0-301F-11D3-BF4B-00C04F79EFBC}") = "Test.Regression.Explorer", "test.regression.explorer\Test.Regression.Explorer.csproj", "{042E28AB-A8A8-4829-A8D2-4AF00293DDE1}"
EndProject
Project("{888888A0-9F3D-457C-B088-3A5042F75D52}") = "Test.Regression.Console.Scripts.Python", "test.regression.console.scripts.python\Test.Regression.Console.Scripts.Python.pyproj", "{41DF2F87-9DB3-417A-9BF9-B66DA862302F}"
EndProject
Global
	GlobalSection(SolutionConfigurationPlatforms) = preSolution
		Debug|Any CPU = Debug|Any CPU
		Deploy|Any CPU = Deploy|Any CPU
		Release|Any CPU = Release|Any CPU
	EndGlobalSection
	GlobalSection(ProjectConfigurationPlatforms) = postSolution
		{BEFCB7FA-8CDF-44D5-BC36-B4C6A03D9DDD}.Debug|Any CPU.ActiveCfg = Debug|Any CPU
		{BEFCB7FA-8CDF-44D5-BC36-B4C6A03D9DDD}.Debug|Any CPU.Build.0 = Debug|Any CPU
		{BEFCB7FA-8CDF-44D5-BC36-B4C6A03D9DDD}.Deploy|Any CPU.ActiveCfg = Deploy|Any CPU
		{BEFCB7FA-8CDF-44D5-BC36-B4C6A03D9DDD}.Deploy|Any CPU.Build.0 = Deploy|Any CPU
		{BEFCB7FA-8CDF-44D5-BC36-B4C6A03D9DDD}.Release|Any CPU.ActiveCfg = Release|Any CPU
		{BEFCB7FA-8CDF-44D5-BC36-B4C6A03D9DDD}.Release|Any CPU.Build.0 = Release|Any CPU
		{5125E82C-2E8A-4CE4-8FA8-39AB82C9B856}.Debug|Any CPU.ActiveCfg = Debug|Any CPU
		{5125E82C-2E8A-4CE4-8FA8-39AB82C9B856}.Debug|Any CPU.Build.0 = Debug|Any CPU
		{5125E82C-2E8A-4CE4-8FA8-39AB82C9B856}.Deploy|Any CPU.ActiveCfg = Deploy|Any CPU
		{5125E82C-2E8A-4CE4-8FA8-39AB82C9B856}.Deploy|Any CPU.Build.0 = Deploy|Any CPU
		{5125E82C-2E8A-4CE4-8FA8-39AB82C9B856}.Release|Any CPU.ActiveCfg = Release|Any CPU
		{5125E82C-2E8A-4CE4-8FA8-39AB82C9B856}.Release|Any CPU.Build.0 = Release|Any CPU
		{8ACA6AAA-889D-4358-AB8E-BEE23015D66F}.Debug|Any CPU.ActiveCfg = Debug|Any CPU
		{8ACA6AAA-889D-4358-AB8E-BEE23015D66F}.Debug|Any CPU.Build.0 = Debug|Any CPU
		{8ACA6AAA-889D-4358-AB8E-BEE23015D66F}.Deploy|Any CPU.ActiveCfg = Deploy|Any CPU
		{8ACA6AAA-889D-4358-AB8E-BEE23015D66F}.Deploy|Any CPU.Build.0 = Deploy|Any CPU
		{8ACA6AAA-889D-4358-AB8E-BEE23015D66F}.Release|Any CPU.ActiveCfg = Release|Any CPU
		{8ACA6AAA-889D-4358-AB8E-BEE23015D66F}.Release|Any CPU.Build.0 = Release|Any CPU
		{81F4563D-EAAC-4C2B-96A6-A79C9EA692CF}.Debug|Any CPU.ActiveCfg = Debug|Any CPU
		{81F4563D-EAAC-4C2B-96A6-A79C9EA692CF}.Debug|Any CPU.Build.0 = Debug|Any CPU
		{81F4563D-EAAC-4C2B-96A6-A79C9EA692CF}.Deploy|Any CPU.ActiveCfg = Deploy|Any CPU
		{81F4563D-EAAC-4C2B-96A6-A79C9EA692CF}.Deploy|Any CPU.Build.0 = Deploy|Any CPU
		{81F4563D-EAAC-4C2B-96A6-A79C9EA692CF}.Release|Any CPU.ActiveCfg = Release|Any CPU
		{81F4563D-EAAC-4C2B-96A6-A79C9EA692CF}.Release|Any CPU.Build.0 = Release|Any CPU
		{60F9649B-6C4B-43D4-AE8C-D68F04E2C3DF}.Debug|Any CPU.ActiveCfg = Debug|Any CPU
		{60F9649B-6C4B-43D4-AE8C-D68F04E2C3DF}.Debug|Any CPU.Build.0 = Debug|Any CPU
		{60F9649B-6C4B-43D4-AE8C-D68F04E2C3DF}.Deploy|Any CPU.ActiveCfg = Deploy|Any CPU
		{60F9649B-6C4B-43D4-AE8C-D68F04E2C3DF}.Deploy|Any CPU.Build.0 = Deploy|Any CPU
		{60F9649B-6C4B-43D4-AE8C-D68F04E2C3DF}.Release|Any CPU.ActiveCfg = Release|Any CPU
		{60F9649B-6C4B-43D4-AE8C-D68F04E2C3DF}.Release|Any CPU.Build.0 = Release|Any CPU
		{ACD26D23-36BA-4035-84CA-6E462A03B033}.Debug|Any CPU.ActiveCfg = Debug|Any CPU
		{ACD26D23-36BA-4035-84CA-6E462A03B033}.Debug|Any CPU.Build.0 = Debug|Any CPU
		{ACD26D23-36BA-4035-84CA-6E462A03B033}.Deploy|Any CPU.ActiveCfg = Deploy|Any CPU
		{ACD26D23-36BA-4035-84CA-6E462A03B033}.Deploy|Any CPU.Build.0 = Deploy|Any CPU
		{ACD26D23-36BA-4035-84CA-6E462A03B033}.Release|Any CPU.ActiveCfg = Release|Any CPU
		{ACD26D23-36BA-4035-84CA-6E462A03B033}.Release|Any CPU.Build.0 = Release|Any CPU
		{7CCDFF95-66CF-4347-AF7A-7197805757F4}.Debug|Any CPU.ActiveCfg = Debug|Any CPU
		{7CCDFF95-66CF-4347-AF7A-7197805757F4}.Debug|Any CPU.Build.0 = Debug|Any CPU
		{7CCDFF95-66CF-4347-AF7A-7197805757F4}.Deploy|Any CPU.ActiveCfg = Deploy|Any CPU
		{7CCDFF95-66CF-4347-AF7A-7197805757F4}.Release|Any CPU.ActiveCfg = Release|Any CPU
		{7CCDFF95-66CF-4347-AF7A-7197805757F4}.Release|Any CPU.Build.0 = Release|Any CPU
		{8E03F1B6-AA16-4D87-B6B4-91797555EE56}.Debug|Any CPU.ActiveCfg = Debug|Any CPU
		{8E03F1B6-AA16-4D87-B6B4-91797555EE56}.Debug|Any CPU.Build.0 = Debug|Any CPU
		{8E03F1B6-AA16-4D87-B6B4-91797555EE56}.Deploy|Any CPU.ActiveCfg = Deploy|Any CPU
		{8E03F1B6-AA16-4D87-B6B4-91797555EE56}.Release|Any CPU.ActiveCfg = Release|Any CPU
		{8E03F1B6-AA16-4D87-B6B4-91797555EE56}.Release|Any CPU.Build.0 = Release|Any CPU
		{BC56ED6A-6780-4162-9B68-4B2D8013ECDC}.Debug|Any CPU.ActiveCfg = Debug|Any CPU
		{BC56ED6A-6780-4162-9B68-4B2D8013ECDC}.Debug|Any CPU.Build.0 = Debug|Any CPU
		{BC56ED6A-6780-4162-9B68-4B2D8013ECDC}.Deploy|Any CPU.ActiveCfg = Deploy|Any CPU
		{BC56ED6A-6780-4162-9B68-4B2D8013ECDC}.Release|Any CPU.ActiveCfg = Release|Any CPU
		{BC56ED6A-6780-4162-9B68-4B2D8013ECDC}.Release|Any CPU.Build.0 = Release|Any CPU
		{C68BDDDD-3A37-453B-88B0-9A824683912C}.Debug|Any CPU.ActiveCfg = Debug|Any CPU
		{C68BDDDD-3A37-453B-88B0-9A824683912C}.Debug|Any CPU.Build.0 = Debug|Any CPU
		{C68BDDDD-3A37-453B-88B0-9A824683912C}.Deploy|Any CPU.ActiveCfg = Deploy|Any CPU
		{C68BDDDD-3A37-453B-88B0-9A824683912C}.Release|Any CPU.ActiveCfg = Release|Any CPU
		{C68BDDDD-3A37-453B-88B0-9A824683912C}.Release|Any CPU.Build.0 = Release|Any CPU
		{F5A27990-A97F-4497-9733-BA524D56BF0F}.Debug|Any CPU.ActiveCfg = Debug|Any CPU
		{F5A27990-A97F-4497-9733-BA524D56BF0F}.Debug|Any CPU.Build.0 = Debug|Any CPU
		{F5A27990-A97F-4497-9733-BA524D56BF0F}.Deploy|Any CPU.ActiveCfg = Deploy|Any CPU
		{F5A27990-A97F-4497-9733-BA524D56BF0F}.Release|Any CPU.ActiveCfg = Release|Any CPU
		{F5A27990-A97F-4497-9733-BA524D56BF0F}.Release|Any CPU.Build.0 = Release|Any CPU
		{EE14FAFE-8E78-11E1-B5D3-6DF7BBE59B18}.Debug|Any CPU.ActiveCfg = Debug|Any CPU
		{EE14FAFE-8E78-11E1-B5D3-6DF7BBE59B18}.Debug|Any CPU.Build.0 = Debug|Any CPU
		{EE14FAFE-8E78-11E1-B5D3-6DF7BBE59B18}.Deploy|Any CPU.ActiveCfg = Deploy|Any CPU
		{EE14FAFE-8E78-11E1-B5D3-6DF7BBE59B18}.Deploy|Any CPU.Build.0 = Deploy|Any CPU
		{EE14FAFE-8E78-11E1-B5D3-6DF7BBE59B18}.Release|Any CPU.ActiveCfg = Release|Any CPU
		{EE14FAFE-8E78-11E1-B5D3-6DF7BBE59B18}.Release|Any CPU.Build.0 = Release|Any CPU
		{EE853190-50AB-4BB0-ADE7-EAA6A53BB495}.Debug|Any CPU.ActiveCfg = Debug|Any CPU
		{EE853190-50AB-4BB0-ADE7-EAA6A53BB495}.Debug|Any CPU.Build.0 = Debug|Any CPU
		{EE853190-50AB-4BB0-ADE7-EAA6A53BB495}.Deploy|Any CPU.ActiveCfg = Deploy|Any CPU
		{EE853190-50AB-4BB0-ADE7-EAA6A53BB495}.Release|Any CPU.ActiveCfg = Release|Any CPU
		{EE853190-50AB-4BB0-ADE7-EAA6A53BB495}.Release|Any CPU.Build.0 = Release|Any CPU
		{B0B1C32A-53FC-4B7E-BA60-6DAFB8180A42}.Debug|Any CPU.ActiveCfg = Debug|Any CPU
		{B0B1C32A-53FC-4B7E-BA60-6DAFB8180A42}.Debug|Any CPU.Build.0 = Debug|Any CPU
		{B0B1C32A-53FC-4B7E-BA60-6DAFB8180A42}.Deploy|Any CPU.ActiveCfg = Deploy|Any CPU
		{B0B1C32A-53FC-4B7E-BA60-6DAFB8180A42}.Deploy|Any CPU.Build.0 = Deploy|Any CPU
		{B0B1C32A-53FC-4B7E-BA60-6DAFB8180A42}.Release|Any CPU.ActiveCfg = Release|Any CPU
		{B0B1C32A-53FC-4B7E-BA60-6DAFB8180A42}.Release|Any CPU.Build.0 = Release|Any CPU
		{BE673894-4B95-4F22-8E9A-9F1D7C20CF84}.Debug|Any CPU.ActiveCfg = Debug|Any CPU
		{BE673894-4B95-4F22-8E9A-9F1D7C20CF84}.Debug|Any CPU.Build.0 = Debug|Any CPU
		{BE673894-4B95-4F22-8E9A-9F1D7C20CF84}.Deploy|Any CPU.ActiveCfg = Deploy|Any CPU
		{BE673894-4B95-4F22-8E9A-9F1D7C20CF84}.Deploy|Any CPU.Build.0 = Deploy|Any CPU
		{BE673894-4B95-4F22-8E9A-9F1D7C20CF84}.Release|Any CPU.ActiveCfg = Release|Any CPU
		{BE673894-4B95-4F22-8E9A-9F1D7C20CF84}.Release|Any CPU.Build.0 = Release|Any CPU
		{626DB086-D3E7-47A6-92B5-2AFC58E8E18E}.Debug|Any CPU.ActiveCfg = Debug|Any CPU
		{626DB086-D3E7-47A6-92B5-2AFC58E8E18E}.Debug|Any CPU.Build.0 = Debug|Any CPU
		{626DB086-D3E7-47A6-92B5-2AFC58E8E18E}.Deploy|Any CPU.ActiveCfg = Deploy|Any CPU
		{626DB086-D3E7-47A6-92B5-2AFC58E8E18E}.Deploy|Any CPU.Build.0 = Deploy|Any CPU
		{626DB086-D3E7-47A6-92B5-2AFC58E8E18E}.Release|Any CPU.ActiveCfg = Release|Any CPU
		{626DB086-D3E7-47A6-92B5-2AFC58E8E18E}.Release|Any CPU.Build.0 = Release|Any CPU
		{7E6E6B94-F0E1-4202-81D7-BB3D76E0F984}.Debug|Any CPU.ActiveCfg = Debug|Any CPU
		{7E6E6B94-F0E1-4202-81D7-BB3D76E0F984}.Debug|Any CPU.Build.0 = Debug|Any CPU
		{7E6E6B94-F0E1-4202-81D7-BB3D76E0F984}.Deploy|Any CPU.ActiveCfg = Deploy|Any CPU
		{7E6E6B94-F0E1-4202-81D7-BB3D76E0F984}.Deploy|Any CPU.Build.0 = Deploy|Any CPU
		{7E6E6B94-F0E1-4202-81D7-BB3D76E0F984}.Release|Any CPU.ActiveCfg = Release|Any CPU
		{7E6E6B94-F0E1-4202-81D7-BB3D76E0F984}.Release|Any CPU.Build.0 = Release|Any CPU
		{042E28AB-A8A8-4829-A8D2-4AF00293DDE1}.Debug|Any CPU.ActiveCfg = Debug|x86
		{042E28AB-A8A8-4829-A8D2-4AF00293DDE1}.Debug|Any CPU.Build.0 = Debug|x86
		{042E28AB-A8A8-4829-A8D2-4AF00293DDE1}.Deploy|Any CPU.ActiveCfg = Deploy|x86
		{042E28AB-A8A8-4829-A8D2-4AF00293DDE1}.Deploy|Any CPU.Build.0 = Deploy|x86
		{042E28AB-A8A8-4829-A8D2-4AF00293DDE1}.Release|Any CPU.ActiveCfg = Release|x86
		{042E28AB-A8A8-4829-A8D2-4AF00293DDE1}.Release|Any CPU.Build.0 = Release|x86
		{41DF2F87-9DB3-417A-9BF9-B66DA862302F}.Debug|Any CPU.ActiveCfg = Debug|Any CPU
		{41DF2F87-9DB3-417A-9BF9-B66DA862302F}.Deploy|Any CPU.ActiveCfg = Debug|Any CPU
		{41DF2F87-9DB3-417A-9BF9-B66DA862302F}.Release|Any CPU.ActiveCfg = Release|Any CPU
	EndGlobalSection
	GlobalSection(SolutionProperties) = preSolution
		HideSolutionNode = FALSE
	EndGlobalSection
EndGlobal
